
Microsoft Visual Studio Solution File, Format Version 12.00
Project("{FAE04EC0-301F-11D3-BF4B-00C04F79EFBC}") = "MauiOnSizeAllocatedBug", "MauiOnSizeAllocatedBug\MauiOnSizeAllocatedBug.csproj", "{D306B556-2A68-4562-84AE-2B1064CD6AE0}"
EndProject
Global
	GlobalSection(SolutionConfigurationPlatforms) = preSolution
		Debug|Any CPU = Debug|Any CPU
		Release|Any CPU = Release|Any CPU
	EndGlobalSection
	GlobalSection(ProjectConfigurationPlatforms) = postSolution
		{D306B556-2A68-4562-84AE-2B1064CD6AE0}.Debug|Any CPU.ActiveCfg = Debug|Any CPU
		{D306B556-2A68-4562-84AE-2B1064CD6AE0}.Debug|Any CPU.Build.0 = Debug|Any CPU
		{D306B556-2A68-4562-84AE-2B1064CD6AE0}.Release|Any CPU.ActiveCfg = Release|Any CPU
		{D306B556-2A68-4562-84AE-2B1064CD6AE0}.Release|Any CPU.Build.0 = Release|Any CPU
	EndGlobalSection
EndGlobal
